
Microsoft Visual Studio Solution File, Format Version 10.00
# Visual Studio 2008
Project("{FAE04EC0-301F-11D3-BF4B-00C04F79EFBC}") = "pjsip4net", "pjsip4net\pjsip4net.csproj", "{77160365-9A80-4F6A-9BD7-4F0532BE0EB0}"
EndProject
Project("{FAE04EC0-301F-11D3-BF4B-00C04F79EFBC}") = "pjsip.Interop", "pjsip.Interop\pjsip.Interop.csproj", "{0AEA8B23-5E46-4923-81B5-7755BA914750}"
EndProject
Project("{2150E333-8FDC-42A3-9474-1A3956D46DE8}") = "Tests", "Tests", "{44B1BE89-9319-459D-96F2-35C589C025B6}"
EndProject
Project("{2150E333-8FDC-42A3-9474-1A3956D46DE8}") = "Acceptance", "Acceptance", "{1A000287-A3E4-4D22-8882-D5E09E1EE1D2}"
EndProject
Project("{2150E333-8FDC-42A3-9474-1A3956D46DE8}") = "Unit", "Unit", "{1E21DE94-E985-49F3-89A6-A329EA6C0C3A}"
EndProject
Project("{FAE04EC0-301F-11D3-BF4B-00C04F79EFBC}") = "pjsip4net.Tests", "Tests\Unit\pjsip4net.Tests\pjsip4net.Tests.csproj", "{3DB8BE38-55D9-4B8F-961F-6D89CEA0FE65}"
EndProject
Project("{FAE04EC0-301F-11D3-BF4B-00C04F79EFBC}") = "pjsip4net.Container.Castle", "pjsip4net.Container.Castle\pjsip4net.Container.Castle.csproj", "{3502E166-26B1-4A7B-AB50-5CC8BAF0019E}"
EndProject
Project("{FAE04EC0-301F-11D3-BF4B-00C04F79EFBC}") = "pjsip4net.Core", "pjsip4net.Core\pjsip4net.Core.csproj", "{DAB611F8-F9B2-49AE-8496-BA98F99BA337}"
EndProject
Project("{2150E333-8FDC-42A3-9474-1A3956D46DE8}") = "Integration", "Integration", "{663FC254-13E2-4A2A-9270-F5F87F6D0A22}"
EndProject
Project("{FAE04EC0-301F-11D3-BF4B-00C04F79EFBC}") = "pjsip4net.Console", "Tests\Integration\pjsip4net.Console\pjsip4net.Console.csproj", "{3CB3B26C-77D8-4329-A1FF-B538B2C66F6D}"
EndProject
Global
	GlobalSection(SolutionConfigurationPlatforms) = preSolution
		Debug|Any CPU = Debug|Any CPU
		Release|Any CPU = Release|Any CPU
	EndGlobalSection
	GlobalSection(ProjectConfigurationPlatforms) = postSolution
		{77160365-9A80-4F6A-9BD7-4F0532BE0EB0}.Debug|Any CPU.ActiveCfg = Debug|Any CPU
		{77160365-9A80-4F6A-9BD7-4F0532BE0EB0}.Debug|Any CPU.Build.0 = Debug|Any CPU
		{77160365-9A80-4F6A-9BD7-4F0532BE0EB0}.Release|Any CPU.ActiveCfg = Release|Any CPU
		{77160365-9A80-4F6A-9BD7-4F0532BE0EB0}.Release|Any CPU.Build.0 = Release|Any CPU
		{0AEA8B23-5E46-4923-81B5-7755BA914750}.Debug|Any CPU.ActiveCfg = Debug|Any CPU
		{0AEA8B23-5E46-4923-81B5-7755BA914750}.Debug|Any CPU.Build.0 = Debug|Any CPU
		{0AEA8B23-5E46-4923-81B5-7755BA914750}.Release|Any CPU.ActiveCfg = Release|Any CPU
		{0AEA8B23-5E46-4923-81B5-7755BA914750}.Release|Any CPU.Build.0 = Release|Any CPU
		{3DB8BE38-55D9-4B8F-961F-6D89CEA0FE65}.Debug|Any CPU.ActiveCfg = Debug|Any CPU
		{3DB8BE38-55D9-4B8F-961F-6D89CEA0FE65}.Debug|Any CPU.Build.0 = Debug|Any CPU
		{3DB8BE38-55D9-4B8F-961F-6D89CEA0FE65}.Release|Any CPU.ActiveCfg = Release|Any CPU
		{3DB8BE38-55D9-4B8F-961F-6D89CEA0FE65}.Release|Any CPU.Build.0 = Release|Any CPU
		{3502E166-26B1-4A7B-AB50-5CC8BAF0019E}.Debug|Any CPU.ActiveCfg = Debug|Any CPU
		{3502E166-26B1-4A7B-AB50-5CC8BAF0019E}.Debug|Any CPU.Build.0 = Debug|Any CPU
		{3502E166-26B1-4A7B-AB50-5CC8BAF0019E}.Release|Any CPU.ActiveCfg = Release|Any CPU
		{3502E166-26B1-4A7B-AB50-5CC8BAF0019E}.Release|Any CPU.Build.0 = Release|Any CPU
		{DAB611F8-F9B2-49AE-8496-BA98F99BA337}.Debug|Any CPU.ActiveCfg = Debug|Any CPU
		{DAB611F8-F9B2-49AE-8496-BA98F99BA337}.Debug|Any CPU.Build.0 = Debug|Any CPU
		{DAB611F8-F9B2-49AE-8496-BA98F99BA337}.Release|Any CPU.ActiveCfg = Release|Any CPU
		{DAB611F8-F9B2-49AE-8496-BA98F99BA337}.Release|Any CPU.Build.0 = Release|Any CPU
		{3CB3B26C-77D8-4329-A1FF-B538B2C66F6D}.Debug|Any CPU.ActiveCfg = Debug|Any CPU
		{3CB3B26C-77D8-4329-A1FF-B538B2C66F6D}.Debug|Any CPU.Build.0 = Debug|Any CPU
		{3CB3B26C-77D8-4329-A1FF-B538B2C66F6D}.Release|Any CPU.ActiveCfg = Release|Any CPU
		{3CB3B26C-77D8-4329-A1FF-B538B2C66F6D}.Release|Any CPU.Build.0 = Release|Any CPU
	EndGlobalSection
	GlobalSection(SolutionProperties) = preSolution
		HideSolutionNode = FALSE
	EndGlobalSection
	GlobalSection(NestedProjects) = preSolution
		{1A000287-A3E4-4D22-8882-D5E09E1EE1D2} = {44B1BE89-9319-459D-96F2-35C589C025B6}
		{1E21DE94-E985-49F3-89A6-A329EA6C0C3A} = {44B1BE89-9319-459D-96F2-35C589C025B6}
		{663FC254-13E2-4A2A-9270-F5F87F6D0A22} = {44B1BE89-9319-459D-96F2-35C589C025B6}
		{3DB8BE38-55D9-4B8F-961F-6D89CEA0FE65} = {1E21DE94-E985-49F3-89A6-A329EA6C0C3A}
		{3CB3B26C-77D8-4329-A1FF-B538B2C66F6D} = {663FC254-13E2-4A2A-9270-F5F87F6D0A22}
	EndGlobalSection
EndGlobal
